
Microsoft Visual Studio Solution File, Format Version 12.00
# Visual Studio Version 16
VisualStudioVersion = 16.0.28803.352
MinimumVisualStudioVersion = 10.0.40219.1
Project("{2150E333-8FDC-42A3-9474-1A3956D46DE8}") = "Solution Items", "Solution Items", "{ED42764A-97FA-443D-8FCC-508C4A220220}"
	ProjectSection(SolutionItems) = preProject
		Read-me.txt = Read-me.txt
	EndProjectSection
EndProject
Project("{2150E333-8FDC-42A3-9474-1A3956D46DE8}") = ".nuget", ".nuget", "{A021F182-6288-4DC1-8BE3-F6A3408CF1E4}"
	ProjectSection(SolutionItems) = preProject
		.nuget\NuGet.Config = .nuget\NuGet.Config
		.nuget\NuGet.exe = .nuget\NuGet.exe
		.nuget\NuGet.targets = .nuget\NuGet.targets
	EndProjectSection
EndProject
Project("{FAE04EC0-301F-11D3-BF4B-00C04F79EFBC}") = "Questao1", "Questao1\Questao1.csproj", "{21452EB4-31EE-4A69-AC4F-1491A636E226}"
EndProject
Project("{FAE04EC0-301F-11D3-BF4B-00C04F79EFBC}") = "Questao2", "Questao2\Questao2.csproj", "{E2257D5E-1A09-48FA-A576-2C200850F4C1}"
EndProject
Project("{FAE04EC0-301F-11D3-BF4B-00C04F79EFBC}") = "Helpers", "Helpers\Helpers.csproj", "{7C12ED41-828E-432E-913A-01833EF0AC48}"
EndProject
Project("{2150E333-8FDC-42A3-9474-1A3956D46DE8}") = "Domain", "Domain", "{50A9400B-5374-4359-9068-6F111D43A223}"
EndProject
Project("{2150E333-8FDC-42A3-9474-1A3956D46DE8}") = "Infra", "Infra", "{EB40E19A-E591-4928-8062-2EA270CD0F36}"
EndProject
Project("{2150E333-8FDC-42A3-9474-1A3956D46DE8}") = "Data", "Data", "{6BD68E10-8C78-48C0-B703-1FD97F2A0676}"
EndProject
Project("{2150E333-8FDC-42A3-9474-1A3956D46DE8}") = "Application", "Application", "{A59A9F66-AEF0-4059-85D6-C412A58B7496}"
EndProject
Project("{FAE04EC0-301F-11D3-BF4B-00C04F79EFBC}") = "AnalProg.Domain", "AnalProg.Domain\AnalProg.Domain.csproj", "{6AAFEDD4-E5AB-4C65-800B-93DC248E1316}"
EndProject
Project("{FAE04EC0-301F-11D3-BF4B-00C04F79EFBC}") = "AnalProg.Infra.Data", "AnalProg.Infra.Data\AnalProg.Infra.Data.csproj", "{9E5352CC-AAAB-494E-82DF-9462F59A0FC8}"
EndProject
Project("{FAE04EC0-301F-11D3-BF4B-00C04F79EFBC}") = "AnalProg.Application", "AnalProg.Application\AnalProg.Application.csproj", "{E66A236C-702C-4C4B-A36B-673AF0DE9D94}"
EndProject
Project("{2150E333-8FDC-42A3-9474-1A3956D46DE8}") = "0-Apresentation", "0-Apresentation", "{D6004D03-DADF-460C-8650-C5684230AC12}"
EndProject
Project("{2150E333-8FDC-42A3-9474-1A3956D46DE8}") = "Questao-1", "Questao-1", "{C3720024-6105-47C4-8371-881F2CAF636E}"
EndProject
Project("{2150E333-8FDC-42A3-9474-1A3956D46DE8}") = "Questao-2", "Questao-2", "{CB241ABE-1BC1-446E-B272-1211B8E588D9}"
EndProject
Project("{FAE04EC0-301F-11D3-BF4B-00C04F79EFBC}") = "AnalProg.MVC5", "AnalProg.MVC5\AnalProg.MVC5.csproj", "{EF4CB95C-E010-48F0-AD0C-08CF3B62E8B0}"
EndProject
Global
	GlobalSection(SolutionConfigurationPlatforms) = preSolution
		Debug|Any CPU = Debug|Any CPU
		Debug|Mixed Platforms = Debug|Mixed Platforms
		Debug|x86 = Debug|x86
		Release|Any CPU = Release|Any CPU
		Release|Mixed Platforms = Release|Mixed Platforms
		Release|x86 = Release|x86
	EndGlobalSection
	GlobalSection(ProjectConfigurationPlatforms) = postSolution
		{21452EB4-31EE-4A69-AC4F-1491A636E226}.Debug|Any CPU.ActiveCfg = Debug|x86
		{21452EB4-31EE-4A69-AC4F-1491A636E226}.Debug|Mixed Platforms.ActiveCfg = Debug|x86
		{21452EB4-31EE-4A69-AC4F-1491A636E226}.Debug|Mixed Platforms.Build.0 = Debug|x86
		{21452EB4-31EE-4A69-AC4F-1491A636E226}.Debug|x86.ActiveCfg = Debug|x86
		{21452EB4-31EE-4A69-AC4F-1491A636E226}.Debug|x86.Build.0 = Debug|x86
		{21452EB4-31EE-4A69-AC4F-1491A636E226}.Release|Any CPU.ActiveCfg = Release|x86
		{21452EB4-31EE-4A69-AC4F-1491A636E226}.Release|Mixed Platforms.ActiveCfg = Release|x86
		{21452EB4-31EE-4A69-AC4F-1491A636E226}.Release|Mixed Platforms.Build.0 = Release|x86
		{21452EB4-31EE-4A69-AC4F-1491A636E226}.Release|x86.ActiveCfg = Release|x86
		{21452EB4-31EE-4A69-AC4F-1491A636E226}.Release|x86.Build.0 = Release|x86
		{E2257D5E-1A09-48FA-A576-2C200850F4C1}.Debug|Any CPU.ActiveCfg = Debug|Any CPU
		{E2257D5E-1A09-48FA-A576-2C200850F4C1}.Debug|Any CPU.Build.0 = Debug|Any CPU
		{E2257D5E-1A09-48FA-A576-2C200850F4C1}.Debug|Mixed Platforms.ActiveCfg = Debug|Any CPU
		{E2257D5E-1A09-48FA-A576-2C200850F4C1}.Debug|Mixed Platforms.Build.0 = Debug|Any CPU
		{E2257D5E-1A09-48FA-A576-2C200850F4C1}.Debug|x86.ActiveCfg = Debug|Any CPU
		{E2257D5E-1A09-48FA-A576-2C200850F4C1}.Release|Any CPU.ActiveCfg = Release|Any CPU
		{E2257D5E-1A09-48FA-A576-2C200850F4C1}.Release|Any CPU.Build.0 = Release|Any CPU
		{E2257D5E-1A09-48FA-A576-2C200850F4C1}.Release|Mixed Platforms.ActiveCfg = Release|Any CPU
		{E2257D5E-1A09-48FA-A576-2C200850F4C1}.Release|Mixed Platforms.Build.0 = Release|Any CPU
		{E2257D5E-1A09-48FA-A576-2C200850F4C1}.Release|x86.ActiveCfg = Release|Any CPU
		{7C12ED41-828E-432E-913A-01833EF0AC48}.Debug|Any CPU.ActiveCfg = Debug|Any CPU
		{7C12ED41-828E-432E-913A-01833EF0AC48}.Debug|Any CPU.Build.0 = Debug|Any CPU
		{7C12ED41-828E-432E-913A-01833EF0AC48}.Debug|Mixed Platforms.ActiveCfg = Debug|Any CPU
		{7C12ED41-828E-432E-913A-01833EF0AC48}.Debug|Mixed Platforms.Build.0 = Debug|Any CPU
		{7C12ED41-828E-432E-913A-01833EF0AC48}.Debug|x86.ActiveCfg = Debug|Any CPU
		{7C12ED41-828E-432E-913A-01833EF0AC48}.Release|Any CPU.ActiveCfg = Release|Any CPU
		{7C12ED41-828E-432E-913A-01833EF0AC48}.Release|Any CPU.Build.0 = Release|Any CPU
		{7C12ED41-828E-432E-913A-01833EF0AC48}.Release|Mixed Platforms.ActiveCfg = Release|Any CPU
		{7C12ED41-828E-432E-913A-01833EF0AC48}.Release|Mixed Platforms.Build.0 = Release|Any CPU
		{7C12ED41-828E-432E-913A-01833EF0AC48}.Release|x86.ActiveCfg = Release|Any CPU
		{6AAFEDD4-E5AB-4C65-800B-93DC248E1316}.Debug|Any CPU.ActiveCfg = Debug|Any CPU
		{6AAFEDD4-E5AB-4C65-800B-93DC248E1316}.Debug|Any CPU.Build.0 = Debug|Any CPU
		{6AAFEDD4-E5AB-4C65-800B-93DC248E1316}.Debug|Mixed Platforms.ActiveCfg = Debug|Any CPU
		{6AAFEDD4-E5AB-4C65-800B-93DC248E1316}.Debug|Mixed Platforms.Build.0 = Debug|Any CPU
		{6AAFEDD4-E5AB-4C65-800B-93DC248E1316}.Debug|x86.ActiveCfg = Debug|Any CPU
		{6AAFEDD4-E5AB-4C65-800B-93DC248E1316}.Debug|x86.Build.0 = Debug|Any CPU
		{6AAFEDD4-E5AB-4C65-800B-93DC248E1316}.Release|Any CPU.ActiveCfg = Release|Any CPU
		{6AAFEDD4-E5AB-4C65-800B-93DC248E1316}.Release|Any CPU.Build.0 = Release|Any CPU
		{6AAFEDD4-E5AB-4C65-800B-93DC248E1316}.Release|Mixed Platforms.ActiveCfg = Release|Any CPU
		{6AAFEDD4-E5AB-4C65-800B-93DC248E1316}.Release|Mixed Platforms.Build.0 = Release|Any CPU
		{6AAFEDD4-E5AB-4C65-800B-93DC248E1316}.Release|x86.ActiveCfg = Release|Any CPU
		{6AAFEDD4-E5AB-4C65-800B-93DC248E1316}.Release|x86.Build.0 = Release|Any CPU
		{9E5352CC-AAAB-494E-82DF-9462F59A0FC8}.Debug|Any CPU.ActiveCfg = Debug|Any CPU
		{9E5352CC-AAAB-494E-82DF-9462F59A0FC8}.Debug|Any CPU.Build.0 = Debug|Any CPU
		{9E5352CC-AAAB-494E-82DF-9462F59A0FC8}.Debug|Mixed Platforms.ActiveCfg = Debug|Any CPU
		{9E5352CC-AAAB-494E-82DF-9462F59A0FC8}.Debug|Mixed Platforms.Build.0 = Debug|Any CPU
		{9E5352CC-AAAB-494E-82DF-9462F59A0FC8}.Debug|x86.ActiveCfg = Debug|Any CPU
		{9E5352CC-AAAB-494E-82DF-9462F59A0FC8}.Debug|x86.Build.0 = Debug|Any CPU
		{9E5352CC-AAAB-494E-82DF-9462F59A0FC8}.Release|Any CPU.ActiveCfg = Release|Any CPU
		{9E5352CC-AAAB-494E-82DF-9462F59A0FC8}.Release|Any CPU.Build.0 = Release|Any CPU
		{9E5352CC-AAAB-494E-82DF-9462F59A0FC8}.Release|Mixed Platforms.ActiveCfg = Release|Any CPU
		{9E5352CC-AAAB-494E-82DF-9462F59A0FC8}.Release|Mixed Platforms.Build.0 = Release|Any CPU
		{9E5352CC-AAAB-494E-82DF-9462F59A0FC8}.Release|x86.ActiveCfg = Release|Any CPU
		{9E5352CC-AAAB-494E-82DF-9462F59A0FC8}.Release|x86.Build.0 = Release|Any CPU
		{E66A236C-702C-4C4B-A36B-673AF0DE9D94}.Debug|Any CPU.ActiveCfg = Debug|Any CPU
		{E66A236C-702C-4C4B-A36B-673AF0DE9D94}.Debug|Any CPU.Build.0 = Debug|Any CPU
		{E66A236C-702C-4C4B-A36B-673AF0DE9D94}.Debug|Mixed Platforms.ActiveCfg = Debug|Any CPU
		{E66A236C-702C-4C4B-A36B-673AF0DE9D94}.Debug|Mixed Platforms.Build.0 = Debug|Any CPU
		{E66A236C-702C-4C4B-A36B-673AF0DE9D94}.Debug|x86.ActiveCfg = Debug|Any CPU
		{E66A236C-702C-4C4B-A36B-673AF0DE9D94}.Debug|x86.Build.0 = Debug|Any CPU
		{E66A236C-702C-4C4B-A36B-673AF0DE9D94}.Release|Any CPU.ActiveCfg = Release|Any CPU
		{E66A236C-702C-4C4B-A36B-673AF0DE9D94}.Release|Any CPU.Build.0 = Release|Any CPU
		{E66A236C-702C-4C4B-A36B-673AF0DE9D94}.Release|Mixed Platforms.ActiveCfg = Release|Any CPU
		{E66A236C-702C-4C4B-A36B-673AF0DE9D94}.Release|Mixed Platforms.Build.0 = Release|Any CPU
		{E66A236C-702C-4C4B-A36B-673AF0DE9D94}.Release|x86.ActiveCfg = Release|Any CPU
		{E66A236C-702C-4C4B-A36B-673AF0DE9D94}.Release|x86.Build.0 = Release|Any CPU
		{EF4CB95C-E010-48F0-AD0C-08CF3B62E8B0}.Debug|Any CPU.ActiveCfg = Debug|Any CPU
		{EF4CB95C-E010-48F0-AD0C-08CF3B62E8B0}.Debug|Any CPU.Build.0 = Debug|Any CPU
		{EF4CB95C-E010-48F0-AD0C-08CF3B62E8B0}.Debug|Mixed Platforms.ActiveCfg = Debug|Any CPU
		{EF4CB95C-E010-48F0-AD0C-08CF3B62E8B0}.Debug|Mixed Platforms.Build.0 = Debug|Any CPU
		{EF4CB95C-E010-48F0-AD0C-08CF3B62E8B0}.Debug|x86.ActiveCfg = Debug|Any CPU
		{EF4CB95C-E010-48F0-AD0C-08CF3B62E8B0}.Debug|x86.Build.0 = Debug|Any CPU
		{EF4CB95C-E010-48F0-AD0C-08CF3B62E8B0}.Release|Any CPU.ActiveCfg = Release|Any CPU
		{EF4CB95C-E010-48F0-AD0C-08CF3B62E8B0}.Release|Any CPU.Build.0 = Release|Any CPU
		{EF4CB95C-E010-48F0-AD0C-08CF3B62E8B0}.Release|Mixed Platforms.ActiveCfg = Release|Any CPU
		{EF4CB95C-E010-48F0-AD0C-08CF3B62E8B0}.Release|Mixed Platforms.Build.0 = Release|Any CPU
		{EF4CB95C-E010-48F0-AD0C-08CF3B62E8B0}.Release|x86.ActiveCfg = Release|Any CPU
		{EF4CB95C-E010-48F0-AD0C-08CF3B62E8B0}.Release|x86.Build.0 = Release|Any CPU
	EndGlobalSection
	GlobalSection(SolutionProperties) = preSolution
		HideSolutionNode = FALSE
	EndGlobalSection
	GlobalSection(NestedProjects) = preSolution
		{6BD68E10-8C78-48C0-B703-1FD97F2A0676} = {EB40E19A-E591-4928-8062-2EA270CD0F36}
		{6AAFEDD4-E5AB-4C65-800B-93DC248E1316} = {50A9400B-5374-4359-9068-6F111D43A223}
		{9E5352CC-AAAB-494E-82DF-9462F59A0FC8} = {6BD68E10-8C78-48C0-B703-1FD97F2A0676}
		{E66A236C-702C-4C4B-A36B-673AF0DE9D94} = {A59A9F66-AEF0-4059-85D6-C412A58B7496}
		{C3720024-6105-47C4-8371-881F2CAF636E} = {D6004D03-DADF-460C-8650-C5684230AC12}
		{CB241ABE-1BC1-446E-B272-1211B8E588D9} = {D6004D03-DADF-460C-8650-C5684230AC12}
		{EF4CB95C-E010-48F0-AD0C-08CF3B62E8B0} = {CB241ABE-1BC1-446E-B272-1211B8E588D9}
	EndGlobalSection
	GlobalSection(ExtensibilityGlobals) = postSolution
		SolutionGuid = {9BA2545F-5FA5-44A2-AD31-CDCE528908BC}
	EndGlobalSection
EndGlobal
